
Microsoft Visual Studio Solution File, Format Version 12.00
# Visual Studio Version 17
VisualStudioVersion = 17.13.35919.96
MinimumVisualStudioVersion = 10.0.40219.1
Project("{FAE04EC0-301F-11D3-BF4B-00C04F79EFBC}") = "WebApi", "WebApi\WebApi.csproj", "{71E8AF39-4E4A-4D0C-A9B2-DFC5EBA7E33F}"
EndProject
Project("{00D1A9C2-B5F0-4AF3-8072-F6C62B433612}") = "Database", "Database\Database.sqlproj", "{94C0351B-D74D-4B1E-AA75-1E44D0B856B2}"
EndProject
Global
	GlobalSection(SolutionConfigurationPlatforms) = preSolution
		Debug|Any CPU = Debug|Any CPU
		Release|Any CPU = Release|Any CPU
	EndGlobalSection
	GlobalSection(ProjectConfigurationPlatforms) = postSolution
		{71E8AF39-4E4A-4D0C-A9B2-DFC5EBA7E33F}.Debug|Any CPU.ActiveCfg = Debug|Any CPU
		{71E8AF39-4E4A-4D0C-A9B2-DFC5EBA7E33F}.Debug|Any CPU.Build.0 = Debug|Any CPU
		{71E8AF39-4E4A-4D0C-A9B2-DFC5EBA7E33F}.Release|Any CPU.ActiveCfg = Release|Any CPU
		{71E8AF39-4E4A-4D0C-A9B2-DFC5EBA7E33F}.Release|Any CPU.Build.0 = Release|Any CPU
		{94C0351B-D74D-4B1E-AA75-1E44D0B856B2}.Debug|Any CPU.ActiveCfg = Debug|Any CPU
		{94C0351B-D74D-4B1E-AA75-1E44D0B856B2}.Debug|Any CPU.Build.0 = Debug|Any CPU
		{94C0351B-D74D-4B1E-AA75-1E44D0B856B2}.Debug|Any CPU.Deploy.0 = Debug|Any CPU
		{94C0351B-D74D-4B1E-AA75-1E44D0B856B2}.Release|Any CPU.ActiveCfg = Release|Any CPU
		{94C0351B-D74D-4B1E-AA75-1E44D0B856B2}.Release|Any CPU.Build.0 = Release|Any CPU
		{94C0351B-D74D-4B1E-AA75-1E44D0B856B2}.Release|Any CPU.Deploy.0 = Release|Any CPU
	EndGlobalSection
	GlobalSection(SolutionProperties) = preSolution
		HideSolutionNode = FALSE
	EndGlobalSection
	GlobalSection(ExtensibilityGlobals) = postSolution
		SolutionGuid = {5BB2B908-367D-47A2-A394-18A202A96FAE}
	EndGlobalSection
EndGlobal
